
Microsoft Visual Studio Solution File, Format Version 12.00
# Visual Studio Version 16
VisualStudioVersion = 16.0.30114.105
MinimumVisualStudioVersion = 10.0.40219.1
Project("{9A19103F-16F7-4668-BE54-9A1E7A4F7556}") = "LanguageServer", "LanguageServer\LanguageServer.csproj", "{B7999759-D634-429A-92C2-A3C8E62D0174}"
EndProject
Project("{2150E333-8FDC-42A3-9474-1A3956D46DE8}") = "Solution Items", "Solution Items", "{400ED298-0B7F-49FA-A7AA-61E7EEA91C40}"
	ProjectSection(SolutionItems) = preProject
		nuget.config = nuget.config
	EndProjectSection
EndProject
Project("{FAE04EC0-301F-11D3-BF4B-00C04F79EFBC}") = "DemoLangVSExtension", "DemoLangVSExtension\DemoLangVSExtension.csproj", "{D26E750B-7A6F-40CF-AE01-E19E8E79914C}"
EndProject
Global
	GlobalSection(SolutionConfigurationPlatforms) = preSolution
		Debug|Any CPU = Debug|Any CPU
		Release|Any CPU = Release|Any CPU
	EndGlobalSection
	GlobalSection(ProjectConfigurationPlatforms) = postSolution
		{B7999759-D634-429A-92C2-A3C8E62D0174}.Debug|Any CPU.ActiveCfg = Debug|Any CPU
		{B7999759-D634-429A-92C2-A3C8E62D0174}.Debug|Any CPU.Build.0 = Debug|Any CPU
		{B7999759-D634-429A-92C2-A3C8E62D0174}.Release|Any CPU.ActiveCfg = Release|Any CPU
		{B7999759-D634-429A-92C2-A3C8E62D0174}.Release|Any CPU.Build.0 = Release|Any CPU
		{D26E750B-7A6F-40CF-AE01-E19E8E79914C}.Debug|Any CPU.ActiveCfg = Debug|Any CPU
		{D26E750B-7A6F-40CF-AE01-E19E8E79914C}.Debug|Any CPU.Build.0 = Debug|Any CPU
		{D26E750B-7A6F-40CF-AE01-E19E8E79914C}.Release|Any CPU.ActiveCfg = Release|Any CPU
		{D26E750B-7A6F-40CF-AE01-E19E8E79914C}.Release|Any CPU.Build.0 = Release|Any CPU
	EndGlobalSection
	GlobalSection(SolutionProperties) = preSolution
		HideSolutionNode = FALSE
	EndGlobalSection
	GlobalSection(ExtensibilityGlobals) = postSolution
		SolutionGuid = {88BA11FF-64B6-4830-97A3-3ECA79C2C1AD}
	EndGlobalSection
EndGlobal
